// !$*UTF8*$!
{
	archiveVersion = 1;
	classes = {
	};
	objectVersion = 46;
	objects = {

/* Begin PBXBuildFile section */
		621CF2401EB32D00004CC925 /* AppDelegate.swift in Sources */ = {isa = PBXBuildFile; fileRef = 621CF23F1EB32D00004CC925 /* AppDelegate.swift */; };
		621CF2421EB32D00004CC925 /* ViewController.swift in Sources */ = {isa = PBXBuildFile; fileRef = 621CF2411EB32D00004CC925 /* ViewController.swift */; };
		621CF2451EB32D00004CC925 /* Main.storyboard in Resources */ = {isa = PBXBuildFile; fileRef = 621CF2431EB32D00004CC925 /* Main.storyboard */; };
		621CF2471EB32D00004CC925 /* Assets.xcassets in Resources */ = {isa = PBXBuildFile; fileRef = 621CF2461EB32D00004CC925 /* Assets.xcassets */; };
		621CF24A1EB32D00004CC925 /* LaunchScreen.storyboard in Resources */ = {isa = PBXBuildFile; fileRef = 621CF2481EB32D00004CC925 /* LaunchScreen.storyboard */; };
		621CF2551EB32D00004CC925 /* sfWebViewTests.swift in Sources */ = {isa = PBXBuildFile; fileRef = 621CF2541EB32D00004CC925 /* sfWebViewTests.swift */; };
		621CF2601EB32D00004CC925 /* sfWebViewUITests.swift in Sources */ = {isa = PBXBuildFile; fileRef = 621CF25F1EB32D00004CC925 /* sfWebViewUITests.swift */; };
/* End PBXBuildFile section */

/* Begin PBXContainerItemProxy section */
		621CF2511EB32D00004CC925 /* PBXContainerItemProxy */ = {
			isa = PBXContainerItemProxy;
			containerPortal = 621CF2341EB32D00004CC925 /* Project object */;
			proxyType = 1;
			remoteGlobalIDString = 621CF23B1EB32D00004CC925;
			remoteInfo = sfWebView;
		};
		621CF25C1EB32D00004CC925 /* PBXContainerItemProxy */ = {
			isa = PBXContainerItemProxy;
			containerPortal = 621CF2341EB32D00004CC925 /* Project object */;
			proxyType = 1;
			remoteGlobalIDString = 621CF23B1EB32D00004CC925;
			remoteInfo = sfWebView;
		};
/* End PBXContainerItemProxy section */

/* Begin PBXFileReference section */
		621CF23C1EB32D00004CC925 /* sfWebView.app */ = {isa = PBXFileReference; explicitFileType = wrapper.application; includeInIndex = 0; path = sfWebView.app; sourceTree = BUILT_PRODUCTS_DIR; };
		621CF23F1EB32D00004CC925 /* AppDelegate.swift */ = {isa = PBXFileReference; lastKnownFileType = sourcecode.swift; path = AppDelegate.swift; sourceTree = "<group>"; };
		621CF2411EB32D00004CC925 /* ViewController.swift */ = {isa = PBXFileReference; lastKnownFileType = sourcecode.swift; path = ViewController.swift; sourceTree = "<group>"; };
		621CF2441EB32D00004CC925 /* Base */ = {isa = PBXFileReference; lastKnownFileType = file.storyboard; name = Base; path = Base.lproj/Main.storyboard; sourceTree = "<group>"; };
		621CF2461EB32D00004CC925 /* Assets.xcassets */ = {isa = PBXFileReference; lastKnownFileType = folder.assetcatalog; path = Assets.xcassets; sourceTree = "<group>"; };
		621CF2491EB32D00004CC925 /* Base */ = {isa = PBXFileReference; lastKnownFileType = file.storyboard; name = Base; path = Base.lproj/LaunchScreen.storyboard; sourceTree = "<group>"; };
		621CF24B1EB32D00004CC925 /* Info.plist */ = {isa = PBXFileReference; lastKnownFileType = text.plist.xml; path = Info.plist; sourceTree = "<group>"; };
		621CF2501EB32D00004CC925 /* sfWebViewTests.xctest */ = {isa = PBXFileReference; explicitFileType = wrapper.cfbundle; includeInIndex = 0; path = sfWebViewTests.xctest; sourceTree = BUILT_PRODUCTS_DIR; };
		621CF2541EB32D00004CC925 /* sfWebViewTests.swift */ = {isa = PBXFileReference; lastKnownFileType = sourcecode.swift; path = sfWebViewTests.swift; sourceTree = "<group>"; };
		621CF2561EB32D00004CC925 /* Info.plist */ = {isa = PBXFileReference; lastKnownFileType = text.plist.xml; path = Info.plist; sourceTree = "<group>"; };
		621CF25B1EB32D00004CC925 /* sfWebViewUITests.xctest */ = {isa = PBXFileReference; explicitFileType = wrapper.cfbundle; includeInIndex = 0; path = sfWebViewUITests.xctest; sourceTree = BUILT_PRODUCTS_DIR; };
		621CF25F1EB32D00004CC925 /* sfWebViewUITests.swift */ = {isa = PBXFileReference; lastKnownFileType = sourcecode.swift; path = sfWebViewUITests.swift; sourceTree = "<group>"; };
		621CF2611EB32D00004CC925 /* Info.plist */ = {isa = PBXFileReference; lastKnownFileType = text.plist.xml; path = Info.plist; sourceTree = "<group>"; };
/* End PBXFileReference section */

/* Begin PBXFrameworksBuildPhase section */
		621CF2391EB32D00004CC925 /* Frameworks */ = {
			isa = PBXFrameworksBuildPhase;
			buildActionMask = 2147483647;
			files = (
			);
			runOnlyForDeploymentPostprocessing = 0;
		};
		621CF24D1EB32D00004CC925 /* Frameworks */ = {
			isa = PBXFrameworksBuildPhase;
			buildActionMask = 2147483647;
			files = (
			);
			runOnlyForDeploymentPostprocessing = 0;
		};
		621CF2581EB32D00004CC925 /* Frameworks */ = {
			isa = PBXFrameworksBuildPhase;
			buildActionMask = 2147483647;
			files = (
			);
			runOnlyForDeploymentPostprocessing = 0;
		};
/* End PBXFrameworksBuildPhase section */

/* Begin PBXGroup section */
		621CF2331EB32D00004CC925 = {
			isa = PBXGroup;
			children = (
				621CF23E1EB32D00004CC925 /* sfWebView */,
				621CF2531EB32D00004CC925 /* sfWebViewTests */,
				621CF25E1EB32D00004CC925 /* sfWebViewUITests */,
				621CF23D1EB32D00004CC925 /* Products */,
			);
			sourceTree = "<group>";
		};
		621CF23D1EB32D00004CC925 /* Products */ = {
			isa = PBXGroup;
			children = (
				621CF23C1EB32D00004CC925 /* sfWebView.app */,
				621CF2501EB32D00004CC925 /* sfWebViewTests.xctest */,
				621CF25B1EB32D00004CC925 /* sfWebViewUITests.xctest */,
			);
			name = Products;
			sourceTree = "<group>";
		};
		621CF23E1EB32D00004CC925 /* sfWebView */ = {
			isa = PBXGroup;
			children = (
				621CF23F1EB32D00004CC925 /* AppDelegate.swift */,
				621CF2411EB32D00004CC925 /* ViewController.swift */,
				621CF2431EB32D00004CC925 /* Main.storyboard */,
				621CF2461EB32D00004CC925 /* Assets.xcassets */,
				621CF2481EB32D00004CC925 /* LaunchScreen.storyboard */,
				621CF24B1EB32D00004CC925 /* Info.plist */,
			);
			path = sfWebView;
			sourceTree = "<group>";
		};
		621CF2531EB32D00004CC925 /* sfWebViewTests */ = {
			isa = PBXGroup;
			children = (
				621CF2541EB32D00004CC925 /* sfWebViewTests.swift */,
				621CF2561EB32D00004CC925 /* Info.plist */,
			);
			path = sfWebViewTests;
			sourceTree = "<group>";
		};
		621CF25E1EB32D00004CC925 /* sfWebViewUITests */ = {
			isa = PBXGroup;
			children = (
				621CF25F1EB32D00004CC925 /* sfWebViewUITests.swift */,
				621CF2611EB32D00004CC925 /* Info.plist */,
			);
			path = sfWebViewUITests;
			sourceTree = "<group>";
		};
/* End PBXGroup section */

/* Begin PBXNativeTarget section */
		621CF23B1EB32D00004CC925 /* sfWebView */ = {
			isa = PBXNativeTarget;
			buildConfigurationList = 621CF2641EB32D00004CC925 /* Build configuration list for PBXNativeTarget "sfWebView" */;
			buildPhases = (
				621CF2381EB32D00004CC925 /* Sources */,
				621CF2391EB32D00004CC925 /* Frameworks */,
				621CF23A1EB32D00004CC925 /* Resources */,
			);
			buildRules = (
			);
			dependencies = (
			);
			name = sfWebView;
			productName = sfWebView;
			productReference = 621CF23C1EB32D00004CC925 /* sfWebView.app */;
			productType = "com.apple.product-type.application";
		};
		621CF24F1EB32D00004CC925 /* sfWebViewTests */ = {
			isa = PBXNativeTarget;
			buildConfigurationList = 621CF2671EB32D00004CC925 /* Build configuration list for PBXNativeTarget "sfWebViewTests" */;
			buildPhases = (
				621CF24C1EB32D00004CC925 /* Sources */,
				621CF24D1EB32D00004CC925 /* Frameworks */,
				621CF24E1EB32D00004CC925 /* Resources */,
			);
			buildRules = (
			);
			dependencies = (
				621CF2521EB32D00004CC925 /* PBXTargetDependency */,
			);
			name = sfWebViewTests;
			productName = sfWebViewTests;
			productReference = 621CF2501EB32D00004CC925 /* sfWebViewTests.xctest */;
			productType = "com.apple.product-type.bundle.unit-test";
		};
		621CF25A1EB32D00004CC925 /* sfWebViewUITests */ = {
			isa = PBXNativeTarget;
			buildConfigurationList = 621CF26A1EB32D00004CC925 /* Build configuration list for PBXNativeTarget "sfWebViewUITests" */;
			buildPhases = (
				621CF2571EB32D00004CC925 /* Sources */,
				621CF2581EB32D00004CC925 /* Frameworks */,
				621CF2591EB32D00004CC925 /* Resources */,
			);
			buildRules = (
			);
			dependencies = (
				621CF25D1EB32D00004CC925 /* PBXTargetDependency */,
			);
			name = sfWebViewUITests;
			productName = sfWebViewUITests;
			productReference = 621CF25B1EB32D00004CC925 /* sfWebViewUITests.xctest */;
			productType = "com.apple.product-type.bundle.ui-testing";
		};
/* End PBXNativeTarget section */

/* Begin PBXProject section */
		621CF2341EB32D00004CC925 /* Project object */ = {
			isa = PBXProject;
			attributes = {
				LastSwiftUpdateCheck = 0730;
				LastUpgradeCheck = 0730;
				ORGANIZATIONNAME = h.morimoto;
				TargetAttributes = {
					621CF23B1EB32D00004CC925 = {
						CreatedOnToolsVersion = 7.3.1;
					};
					621CF24F1EB32D00004CC925 = {
						CreatedOnToolsVersion = 7.3.1;
						TestTargetID = 621CF23B1EB32D00004CC925;
					};
					621CF25A1EB32D00004CC925 = {
						CreatedOnToolsVersion = 7.3.1;
						TestTargetID = 621CF23B1EB32D00004CC925;
					};
				};
			};
			buildConfigurationList = 621CF2371EB32D00004CC925 /* Build configuration list for PBXProject "sfWebView" */;
			compatibilityVersion = "Xcode 3.2";
			developmentRegion = English;
			hasScannedForEncodings = 0;
			knownRegions = (
				en,
				Base,
			);
			mainGroup = 621CF2331EB32D00004CC925;
			productRefGroup = 621CF23D1EB32D00004CC925 /* Products */;
			projectDirPath = "";
			projectRoot = "";
			targets = (
				621CF23B1EB32D00004CC925 /* sfWebView */,
				621CF24F1EB32D00004CC925 /* sfWebViewTests */,
				621CF25A1EB32D00004CC925 /* sfWebViewUITests */,
			);
		};
/* End PBXProject section */

/* Begin PBXResourcesBuildPhase section */
		621CF23A1EB32D00004CC925 /* Resources */ = {
			isa = PBXResourcesBuildPhase;
			buildActionMask = 2147483647;
			files = (
				621CF24A1EB32D00004CC925 /* LaunchScreen.storyboard in Resources */,
				621CF2471EB32D00004CC925 /* Assets.xcassets in Resources */,
				621CF2451EB32D00004CC925 /* Main.storyboard in Resources */,
			);
			runOnlyForDeploymentPostprocessing = 0;
		};
		621CF24E1EB32D00004CC925 /* Resources */ = {
			isa = PBXResourcesBuildPhase;
			buildActionMask = 2147483647;
			files = (
			);
			runOnlyForDeploymentPostprocessing = 0;
		};
		621CF2591EB32D00004CC925 /* Resources */ = {
			isa = PBXResourcesBuildPhase;
			buildActionMask = 2147483647;
			files = (
			);
			runOnlyForDeploymentPostprocessing = 0;
		};
/* End PBXResourcesBuildPhase section */

/* Begin PBXSourcesBuildPhase section */
		621CF2381EB32D00004CC925 /* Sources */ = {
			isa = PBXSourcesBuildPhase;
			buildActionMask = 2147483647;
			files = (
				621CF2421EB32D00004CC925 /* ViewController.swift in Sources */,
				621CF2401EB32D00004CC925 /* AppDelegate.swift in Sources */,
			);
			runOnlyForDeploymentPostprocessing = 0;
		};
		621CF24C1EB32D00004CC925 /* Sources */ = {
			isa = PBXSourcesBuildPhase;
			buildActionMask = 2147483647;
			files = (
				621CF2551EB32D00004CC925 /* sfWebViewTests.swift in Sources */,
			);
			runOnlyForDeploymentPostprocessing = 0;
		};
		621CF2571EB32D00004CC925 /* Sources */ = {
			isa = PBXSourcesBuildPhase;
			buildActionMask = 2147483647;
			files = (
				621CF2601EB32D00004CC925 /* sfWebViewUITests.swift in Sources */,
			);
			runOnlyForDeploymentPostprocessing = 0;
		};
/* End PBXSourcesBuildPhase section */

/* Begin PBXTargetDependency section */
		621CF2521EB32D00004CC925 /* PBXTargetDependency */ = {
			isa = PBXTargetDependency;
			target = 621CF23B1EB32D00004CC925 /* sfWebView */;
			targetProxy = 621CF2511EB32D00004CC925 /* PBXContainerItemProxy */;
		};
		621CF25D1EB32D00004CC925 /* PBXTargetDependency */ = {
			isa = PBXTargetDependency;
			target = 621CF23B1EB32D00004CC925 /* sfWebView */;
			targetProxy = 621CF25C1EB32D00004CC925 /* PBXContainerItemProxy */;
		};
/* End PBXTargetDependency section */

/* Begin PBXVariantGroup section */
		621CF2431EB32D00004CC925 /* Main.storyboard */ = {
			isa = PBXVariantGroup;
			children = (
				621CF2441EB32D00004CC925 /* Base */,
			);
			name = Main.storyboard;
			sourceTree = "<group>";
		};
		621CF2481EB32D00004CC925 /* LaunchScreen.storyboard */ = {
			isa = PBXVariantGroup;
			children = (
				621CF2491EB32D00004CC925 /* Base */,
			);
			name = LaunchScreen.storyboard;
			sourceTree = "<group>";
		};
/* End PBXVariantGroup section */

/* Begin XCBuildConfiguration section */
		621CF2621EB32D00004CC925 /* Debug */ = {
			isa = XCBuildConfiguration;
			buildSettings = {
				ALWAYS_SEARCH_USER_PATHS = NO;
				CLANG_ANALYZER_NONNULL = YES;
				CLANG_CXX_LANGUAGE_STANDARD = "gnu++0x";
				CLANG_CXX_LIBRARY = "libc++";
				CLANG_ENABLE_MODULES = YES;
				CLANG_ENABLE_OBJC_ARC = YES;
				CLANG_WARN_BOOL_CONVERSION = YES;
				CLANG_WARN_CONSTANT_CONVERSION = YES;
				CLANG_WARN_DIRECT_OBJC_ISA_USAGE = YES_ERROR;
				CLANG_WARN_EMPTY_BODY = YES;
				CLANG_WARN_ENUM_CONVERSION = YES;
				CLANG_WARN_INT_CONVERSION = YES;
				CLANG_WARN_OBJC_ROOT_CLASS = YES_ERROR;
				CLANG_WARN_UNREACHABLE_CODE = YES;
				CLANG_WARN__DUPLICATE_METHOD_MATCH = YES;
				"CODE_SIGN_IDENTITY[sdk=iphoneos*]" = "iPhone Developer";
				COPY_PHASE_STRIP = NO;
				DEBUG_INFORMATION_FORMAT = dwarf;
				ENABLE_STRICT_OBJC_MSGSEND = YES;
				ENABLE_TESTABILITY = YES;
				GCC_C_LANGUAGE_STANDARD = gnu99;
				GCC_DYNAMIC_NO_PIC = NO;
				GCC_NO_COMMON_BLOCKS = YES;
				GCC_OPTIMIZATION_LEVEL = 0;
				GCC_PREPROCESSOR_DEFINITIONS = (
					"DEBUG=1",
					"$(inherited)",
				);
				GCC_WARN_64_TO_32_BIT_CONVERSION = YES;
				GCC_WARN_ABOUT_RETURN_TYPE = YES_ERROR;
				GCC_WARN_UNDECLARED_SELECTOR = YES;
				GCC_WARN_UNINITIALIZED_AUTOS = YES_AGGRESSIVE;
				GCC_WARN_UNUSED_FUNCTION = YES;
				GCC_WARN_UNUSED_VARIABLE = YES;
				IPHONEOS_DEPLOYMENT_TARGET = 9.3;
				MTL_ENABLE_DEBUG_INFO = YES;
				ONLY_ACTIVE_ARCH = YES;
				SDKROOT = iphoneos;
				SWIFT_OPTIMIZATION_LEVEL = "-Onone";
			};
			name = Debug;
		};
		621CF2631EB32D00004CC925 /* Release */ = {
			isa = XCBuildConfiguration;
			buildSettings = {
				ALWAYS_SEARCH_USER_PATHS = NO;
				CLANG_ANALYZER_NONNULL = YES;
				CLANG_CXX_LANGUAGE_STANDARD = "gnu++0x";
				CLANG_CXX_LIBRARY = "libc++";
				CLANG_ENABLE_MODULES = YES;
				CLANG_ENABLE_OBJC_ARC = YES;
				CLANG_WARN_BOOL_CONVERSION = YES;
				CLANG_WARN_CONSTANT_CONVERSION = YES;
				CLANG_WARN_DIRECT_OBJC_ISA_USAGE = YES_ERROR;
				CLANG_WARN_EMPTY_BODY = YES;
				CLANG_WARN_ENUM_CONVERSION = YES;
				CLANG_WARN_INT_CONVERSION = YES;
				CLANG_WARN_OBJC_ROOT_CLASS = YES_ERROR;
				CLANG_WARN_UNREACHABLE_CODE = YES;
				CLANG_WARN__DUPLICATE_METHOD_MATCH = YES;
				"CODE_SIGN_IDENTITY[sdk=iphoneos*]" = "iPhone Developer";
				COPY_PHASE_STRIP = NO;
				DEBUG_INFORMATION_FORMAT = "dwarf-with-dsym";
				ENABLE_NS_ASSERTIONS = NO;
				ENABLE_STRICT_OBJC_MSGSEND = YES;
				GCC_C_LANGUAGE_STANDARD = gnu99;
				GCC_NO_COMMON_BLOCKS = YES;
				GCC_WARN_64_TO_32_BIT_CONVERSION = YES;
				GCC_WARN_ABOUT_RETURN_TYPE = YES_ERROR;
				GCC_WARN_UNDECLARED_SELECTOR = YES;
				GCC_WARN_UNINITIALIZED_AUTOS = YES_AGGRESSIVE;
				GCC_WARN_UNUSED_FUNCTION = YES;
				GCC_WARN_UNUSED_VARIABLE = YES;
				IPHONEOS_DEPLOYMENT_TARGET = 9.3;
				MTL_ENABLE_DEBUG_INFO = NO;
				SDKROOT = iphoneos;
				VALIDATE_PRODUCT = YES;
			};
			name = Release;
		};
		621CF2651EB32D00004CC925 /* Debug */ = {
			isa = XCBuildConfiguration;
			buildSettings = {
				ASSETCATALOG_COMPILER_APPICON_NAME = AppIcon;
				INFOPLIST_FILE = sfWebView/Info.plist;
				LD_RUNPATH_SEARCH_PATHS = "$(inherited) @executable_path/Frameworks";
				PRODUCT_BUNDLE_IDENTIFIER = io.lodeo.sfWebView;
				PRODUCT_NAME = "$(TARGET_NAME)";
			};
			name = Debug;
		};
		621CF2661EB32D00004CC925 /* Release */ = {
			isa = XCBuildConfiguration;
			buildSettings = {
				ASSETCATALOG_COMPILER_APPICON_NAME = AppIcon;
				INFOPLIST_FILE = sfWebView/Info.plist;
				LD_RUNPATH_SEARCH_PATHS = "$(inherited) @executable_path/Frameworks";
				PRODUCT_BUNDLE_IDENTIFIER = io.lodeo.sfWebView;
				PRODUCT_NAME = "$(TARGET_NAME)";
			};
			name = Release;
		};
		621CF2681EB32D00004CC925 /* Debug */ = {
			isa = XCBuildConfiguration;
			buildSettings = {
				BUNDLE_LOADER = "$(TEST_HOST)";
				INFOPLIST_FILE = sfWebViewTests/Info.plist;
				LD_RUNPATH_SEARCH_PATHS = "$(inherited) @executable_path/Frameworks @loader_path/Frameworks";
				PRODUCT_BUNDLE_IDENTIFIER = io.lodeo.sfWebViewTests;
				PRODUCT_NAME = "$(TARGET_NAME)";
				TEST_HOST = "$(BUILT_PRODUCTS_DIR)/sfWebView.app/sfWebView";
			};
			name = Debug;
		};
		621CF2691EB32D00004CC925 /* Release */ = {
			isa = XCBuildConfiguration;
			buildSettings = {
				BUNDLE_LOADER = "$(TEST_HOST)";
				INFOPLIST_FILE = sfWebViewTests/Info.plist;
				LD_RUNPATH_SEARCH_PATHS = "$(inherited) @executable_path/Frameworks @loader_path/Frameworks";
				PRODUCT_BUNDLE_IDENTIFIER = io.lodeo.sfWebViewTests;
				PRODUCT_NAME = "$(TARGET_NAME)";
				TEST_HOST = "$(BUILT_PRODUCTS_DIR)/sfWebView.app/sfWebView";
			};
			name = Release;
		};
		621CF26B1EB32D00004CC925 /* Debug */ = {
			isa = XCBuildConfiguration;
			buildSettings = {
				INFOPLIST_FILE = sfWebViewUITests/Info.plist;
				LD_RUNPATH_SEARCH_PATHS = "$(inherited) @executable_path/Frameworks @loader_path/Frameworks";
				PRODUCT_BUNDLE_IDENTIFIER = io.lodeo.sfWebViewUITests;
				PRODUCT_NAME = "$(TARGET_NAME)";
				TEST_TARGET_NAME = sfWebView;
			};
			name = Debug;
		};
		621CF26C1EB32D00004CC925 /* Release */ = {
			isa = XCBuildConfiguration;
			buildSettings = {
				INFOPLIST_FILE = sfWebViewUITests/Info.plist;
				LD_RUNPATH_SEARCH_PATHS = "$(inherited) @executable_path/Frameworks @loader_path/Frameworks";
				PRODUCT_BUNDLE_IDENTIFIER = io.lodeo.sfWebViewUITests;
				PRODUCT_NAME = "$(TARGET_NAME)";
				TEST_TARGET_NAME = sfWebView;
			};
			name = Release;
		};
/* End XCBuildConfiguration section */

/* Begin XCConfigurationList section */
		621CF2371EB32D00004CC925 /* Build configuration list for PBXProject "sfWebView" */ = {
			isa = XCConfigurationList;
			buildConfigurations = (
				621CF2621EB32D00004CC925 /* Debug */,
				621CF2631EB32D00004CC925 /* Release */,
			);
			defaultConfigurationIsVisible = 0;
			defaultConfigurationName = Release;
		};
		621CF2641EB32D00004CC925 /* Build configuration list for PBXNativeTarget "sfWebView" */ = {
			isa = XCConfigurationList;
			buildConfigurations = (
				621CF2651EB32D00004CC925 /* Debug */,
				621CF2661EB32D00004CC925 /* Release */,
			);
			defaultConfigurationIsVisible = 0;
		};
		621CF2671EB32D00004CC925 /* Build configuration list for PBXNativeTarget "sfWebViewTests" */ = {
			isa = XCConfigurationList;
			buildConfigurations = (
				621CF2681EB32D00004CC925 /* Debug */,
				621CF2691EB32D00004CC925 /* Release */,
			);
			defaultConfigurationIsVisible = 0;
		};
		621CF26A1EB32D00004CC925 /* Build configuration list for PBXNativeTarget "sfWebViewUITests" */ = {
			isa = XCConfigurationList;
			buildConfigurations = (
				621CF26B1EB32D00004CC925 /* Debug */,
				621CF26C1EB32D00004CC925 /* Release */,
			);
			defaultConfigurationIsVisible = 0;
		};
/* End XCConfigurationList section */
	};
	rootObject = 621CF2341EB32D00004CC925 /* Project object */;
}
